
Microsoft Visual Studio Solution File, Format Version 12.00
# Visual Studio Version 17
VisualStudioVersion = 17.10.35122.118
MinimumVisualStudioVersion = 10.0.40219.1
Project("{2150E333-8FDC-42A3-9474-1A3956D46DE8}") = "Core", "Core", "{988D1F11-4F08-42B3-8CE5-67C12F7DF57D}"
EndProject
Project("{2150E333-8FDC-42A3-9474-1A3956D46DE8}") = "External", "External", "{A2EF7C24-7768-43FB-94CD-D98256C79475}"
EndProject
Project("{2150E333-8FDC-42A3-9474-1A3956D46DE8}") = "1 - Application", "1 - Application", "{C7B24E4A-727D-43E1-935D-BF852CF8F61A}"
EndProject
Project("{2150E333-8FDC-42A3-9474-1A3956D46DE8}") = "2 - Domain", "2 - Domain", "{9019F0E1-0BB7-4444-A152-6D7E05A5ED63}"
EndProject
Project("{2150E333-8FDC-42A3-9474-1A3956D46DE8}") = "1 - API", "1 - API", "{5E5E10C7-6476-43CB-8DBC-8BB756D4C477}"
EndProject
Project("{2150E333-8FDC-42A3-9474-1A3956D46DE8}") = "2 - Infra", "2 - Infra", "{9A0F266C-EE31-43E3-9D0C-C2F698566ED5}"
EndProject
Project("{2150E333-8FDC-42A3-9474-1A3956D46DE8}") = "2.1 - CrossCutting", "2.1 - CrossCutting", "{2467A967-3682-4911-AC23-F64FC1BAA1FF}"
EndProject
Project("{FAE04EC0-301F-11D3-BF4B-00C04F79EFBC}") = "ContainerizedDB.DomainService", "ContainerizedDB.Application\ContainerizedDB.DomainService.csproj", "{231583BB-DD7A-46EE-BBCC-447BE4BAB248}"
EndProject
Project("{FAE04EC0-301F-11D3-BF4B-00C04F79EFBC}") = "ContainerizedDB.Domain", "ContainerizedDB.Domain\ContainerizedDB.Domain.csproj", "{5FB682AC-2756-46F9-A4BC-3AF27B190CAE}"
EndProject
Project("{FAE04EC0-301F-11D3-BF4B-00C04F79EFBC}") = "ContainerizedDB.ServiceSDKs", "ContainerizedDB.SDKs\ContainerizedDB.ServiceSDKs.csproj", "{CD3A3FBF-16B1-43D8-B9B8-46B5AE1F4870}"
EndProject
Project("{FAE04EC0-301F-11D3-BF4B-00C04F79EFBC}") = "ContainerizedDB.IoC", "ContainerizedDB.IoC\ContainerizedDB.IoC.csproj", "{AF3B8965-EE61-42FC-9812-39C6E13CAE08}"
EndProject
Project("{FAE04EC0-301F-11D3-BF4B-00C04F79EFBC}") = "ContainerizedDB.API", "ContainerizedDB.API\ContainerizedDB.API.csproj", "{4A94243E-70D8-4B99-8BAB-5C5665402966}"
EndProject
Global
	GlobalSection(SolutionConfigurationPlatforms) = preSolution
		Debug|Any CPU = Debug|Any CPU
		Release|Any CPU = Release|Any CPU
	EndGlobalSection
	GlobalSection(ProjectConfigurationPlatforms) = postSolution
		{231583BB-DD7A-46EE-BBCC-447BE4BAB248}.Debug|Any CPU.ActiveCfg = Debug|Any CPU
		{231583BB-DD7A-46EE-BBCC-447BE4BAB248}.Debug|Any CPU.Build.0 = Debug|Any CPU
		{231583BB-DD7A-46EE-BBCC-447BE4BAB248}.Release|Any CPU.ActiveCfg = Release|Any CPU
		{231583BB-DD7A-46EE-BBCC-447BE4BAB248}.Release|Any CPU.Build.0 = Release|Any CPU
		{5FB682AC-2756-46F9-A4BC-3AF27B190CAE}.Debug|Any CPU.ActiveCfg = Debug|Any CPU
		{5FB682AC-2756-46F9-A4BC-3AF27B190CAE}.Debug|Any CPU.Build.0 = Debug|Any CPU
		{5FB682AC-2756-46F9-A4BC-3AF27B190CAE}.Release|Any CPU.ActiveCfg = Release|Any CPU
		{5FB682AC-2756-46F9-A4BC-3AF27B190CAE}.Release|Any CPU.Build.0 = Release|Any CPU
		{CD3A3FBF-16B1-43D8-B9B8-46B5AE1F4870}.Debug|Any CPU.ActiveCfg = Debug|Any CPU
		{CD3A3FBF-16B1-43D8-B9B8-46B5AE1F4870}.Debug|Any CPU.Build.0 = Debug|Any CPU
		{CD3A3FBF-16B1-43D8-B9B8-46B5AE1F4870}.Release|Any CPU.ActiveCfg = Release|Any CPU
		{CD3A3FBF-16B1-43D8-B9B8-46B5AE1F4870}.Release|Any CPU.Build.0 = Release|Any CPU
		{AF3B8965-EE61-42FC-9812-39C6E13CAE08}.Debug|Any CPU.ActiveCfg = Debug|Any CPU
		{AF3B8965-EE61-42FC-9812-39C6E13CAE08}.Debug|Any CPU.Build.0 = Debug|Any CPU
		{AF3B8965-EE61-42FC-9812-39C6E13CAE08}.Release|Any CPU.ActiveCfg = Release|Any CPU
		{AF3B8965-EE61-42FC-9812-39C6E13CAE08}.Release|Any CPU.Build.0 = Release|Any CPU
		{4A94243E-70D8-4B99-8BAB-5C5665402966}.Debug|Any CPU.ActiveCfg = Debug|Any CPU
		{4A94243E-70D8-4B99-8BAB-5C5665402966}.Debug|Any CPU.Build.0 = Debug|Any CPU
		{4A94243E-70D8-4B99-8BAB-5C5665402966}.Release|Any CPU.ActiveCfg = Release|Any CPU
		{4A94243E-70D8-4B99-8BAB-5C5665402966}.Release|Any CPU.Build.0 = Release|Any CPU
	EndGlobalSection
	GlobalSection(SolutionProperties) = preSolution
		HideSolutionNode = FALSE
	EndGlobalSection
	GlobalSection(NestedProjects) = preSolution
		{C7B24E4A-727D-43E1-935D-BF852CF8F61A} = {988D1F11-4F08-42B3-8CE5-67C12F7DF57D}
		{9019F0E1-0BB7-4444-A152-6D7E05A5ED63} = {988D1F11-4F08-42B3-8CE5-67C12F7DF57D}
		{5E5E10C7-6476-43CB-8DBC-8BB756D4C477} = {A2EF7C24-7768-43FB-94CD-D98256C79475}
		{9A0F266C-EE31-43E3-9D0C-C2F698566ED5} = {A2EF7C24-7768-43FB-94CD-D98256C79475}
		{2467A967-3682-4911-AC23-F64FC1BAA1FF} = {9A0F266C-EE31-43E3-9D0C-C2F698566ED5}
		{231583BB-DD7A-46EE-BBCC-447BE4BAB248} = {C7B24E4A-727D-43E1-935D-BF852CF8F61A}
		{5FB682AC-2756-46F9-A4BC-3AF27B190CAE} = {9019F0E1-0BB7-4444-A152-6D7E05A5ED63}
		{CD3A3FBF-16B1-43D8-B9B8-46B5AE1F4870} = {2467A967-3682-4911-AC23-F64FC1BAA1FF}
		{AF3B8965-EE61-42FC-9812-39C6E13CAE08} = {2467A967-3682-4911-AC23-F64FC1BAA1FF}
		{4A94243E-70D8-4B99-8BAB-5C5665402966} = {5E5E10C7-6476-43CB-8DBC-8BB756D4C477}
	EndGlobalSection
	GlobalSection(ExtensibilityGlobals) = postSolution
		SolutionGuid = {1A9E1149-667C-48A8-BCB5-F06783BB25D9}
	EndGlobalSection
EndGlobal
